
Microsoft Visual Studio Solution File, Format Version 12.00
# Visual Studio Version 16
VisualStudioVersion = 16.0.31729.503
MinimumVisualStudioVersion = 10.0.40219.1
Project("{FAE04EC0-301F-11D3-BF4B-00C04F79EFBC}") = "PokemonApi", "PokemonApi\PokemonApi.csproj", "{FBFC95C4-7419-46F7-A871-EDE2277D0478}"
EndProject
Global
	GlobalSection(SolutionConfigurationPlatforms) = preSolution
		Debug|Any CPU = Debug|Any CPU
		Release|Any CPU = Release|Any CPU
	EndGlobalSection
	GlobalSection(ProjectConfigurationPlatforms) = postSolution
		{FBFC95C4-7419-46F7-A871-EDE2277D0478}.Debug|Any CPU.ActiveCfg = Debug|Any CPU
		{FBFC95C4-7419-46F7-A871-EDE2277D0478}.Debug|Any CPU.Build.0 = Debug|Any CPU
		{FBFC95C4-7419-46F7-A871-EDE2277D0478}.Release|Any CPU.ActiveCfg = Release|Any CPU
		{FBFC95C4-7419-46F7-A871-EDE2277D0478}.Release|Any CPU.Build.0 = Release|Any CPU
	EndGlobalSection
	GlobalSection(SolutionProperties) = preSolution
		HideSolutionNode = FALSE
	EndGlobalSection
	GlobalSection(ExtensibilityGlobals) = postSolution
		SolutionGuid = {EACF4E98-A79E-4AE1-A320-A18C67DE6AD5}
	EndGlobalSection
EndGlobal
